
Microsoft Visual Studio Solution File, Format Version 12.00
# Visual Studio 2012
Project("{8BC9CEB8-8B4A-11D0-8D11-00A0C91BC942}") = "E-Den-2014-Lib", "..\Libraray\E-Den-2014-Lib\E-Den-2014-Lib.vcxproj", "{114CDD91-885F-4A01-949F-AA495B0C935D}"
EndProject
Project("{8BC9CEB8-8B4A-11D0-8D11-00A0C91BC942}") = "E-Den-2014-Testbench", "E-Den-2014-Testbench\E-Den-2014-Testbench.vcxproj", "{6C574106-65D0-4A07-AFBA-E853DA213F35}"
	ProjectSection(ProjectDependencies) = postProject
		{114CDD91-885F-4A01-949F-AA495B0C935D} = {114CDD91-885F-4A01-949F-AA495B0C935D}
	EndProjectSection
EndProject
Global
	GlobalSection(SolutionConfigurationPlatforms) = preSolution
		Debug|Win32 = Debug|Win32
		Release|Win32 = Release|Win32
	EndGlobalSection
	GlobalSection(ProjectConfigurationPlatforms) = postSolution
		{114CDD91-885F-4A01-949F-AA495B0C935D}.Debug|Win32.ActiveCfg = Debug|Win32
		{114CDD91-885F-4A01-949F-AA495B0C935D}.Debug|Win32.Build.0 = Debug|Win32
		{114CDD91-885F-4A01-949F-AA495B0C935D}.Release|Win32.ActiveCfg = Release|Win32
		{114CDD91-885F-4A01-949F-AA495B0C935D}.Release|Win32.Build.0 = Release|Win32
		{6C574106-65D0-4A07-AFBA-E853DA213F35}.Debug|Win32.ActiveCfg = Debug|Win32
		{6C574106-65D0-4A07-AFBA-E853DA213F35}.Debug|Win32.Build.0 = Debug|Win32
		{6C574106-65D0-4A07-AFBA-E853DA213F35}.Release|Win32.ActiveCfg = Release|Win32
		{6C574106-65D0-4A07-AFBA-E853DA213F35}.Release|Win32.Build.0 = Release|Win32
	EndGlobalSection
	GlobalSection(SolutionProperties) = preSolution
		HideSolutionNode = FALSE
	EndGlobalSection
EndGlobal
