
Microsoft Visual Studio Solution File, Format Version 10.00
# Visual Studio 2008
Project("{8BC9CEB8-8B4A-11D0-8D11-00A0C91BC942}") = "E-Den", "E-Den\E-Den.vcproj", "{905A8A96-9253-4E72-ACA1-5AA9599A8018}"
EndProject
Project("{8BC9CEB8-8B4A-11D0-8D11-00A0C91BC942}") = "E-Den-Testbench", "E-Den-Testbench\E-Den-Testbench.vcproj", "{C768049D-3739-424F-B8D6-BA023B48C033}"
	ProjectSection(ProjectDependencies) = postProject
		{905A8A96-9253-4E72-ACA1-5AA9599A8018} = {905A8A96-9253-4E72-ACA1-5AA9599A8018}
	EndProjectSection
EndProject
Project("{54435603-DBB4-11D2-8724-00A0C9A8B90C}") = "TestbenchSetup", "Setup\TestbenchSetup\TestbenchSetup.vdproj", "{A2EE0391-A850-4BB1-9C03-E39A1819301A}"
EndProject
Project("{8BC9CEB8-8B4A-11D0-8D11-00A0C91BC942}") = "E-Den-Testbench-Nel", "E-Den-Testbench-Nel\E-Den-Testbench-Nel.vcproj", "{53F6306C-401D-45A2-BDCE-7B5B4C50EE5C}"
EndProject
Global
	GlobalSection(SolutionConfigurationPlatforms) = preSolution
		Debug|Win32 = Debug|Win32
		Release|Win32 = Release|Win32
	EndGlobalSection
	GlobalSection(ProjectConfigurationPlatforms) = postSolution
		{905A8A96-9253-4E72-ACA1-5AA9599A8018}.Debug|Win32.ActiveCfg = Debug|Win32
		{905A8A96-9253-4E72-ACA1-5AA9599A8018}.Debug|Win32.Build.0 = Debug|Win32
		{905A8A96-9253-4E72-ACA1-5AA9599A8018}.Release|Win32.ActiveCfg = Release|Win32
		{905A8A96-9253-4E72-ACA1-5AA9599A8018}.Release|Win32.Build.0 = Release|Win32
		{C768049D-3739-424F-B8D6-BA023B48C033}.Debug|Win32.ActiveCfg = Debug|Win32
		{C768049D-3739-424F-B8D6-BA023B48C033}.Debug|Win32.Build.0 = Debug|Win32
		{C768049D-3739-424F-B8D6-BA023B48C033}.Release|Win32.ActiveCfg = Release|Win32
		{C768049D-3739-424F-B8D6-BA023B48C033}.Release|Win32.Build.0 = Release|Win32
		{A2EE0391-A850-4BB1-9C03-E39A1819301A}.Debug|Win32.ActiveCfg = Debug
		{A2EE0391-A850-4BB1-9C03-E39A1819301A}.Release|Win32.ActiveCfg = Release
		{53F6306C-401D-45A2-BDCE-7B5B4C50EE5C}.Debug|Win32.ActiveCfg = Debug|Win32
		{53F6306C-401D-45A2-BDCE-7B5B4C50EE5C}.Debug|Win32.Build.0 = Debug|Win32
		{53F6306C-401D-45A2-BDCE-7B5B4C50EE5C}.Release|Win32.ActiveCfg = Release|Win32
		{53F6306C-401D-45A2-BDCE-7B5B4C50EE5C}.Release|Win32.Build.0 = Release|Win32
	EndGlobalSection
	GlobalSection(SolutionProperties) = preSolution
		HideSolutionNode = FALSE
	EndGlobalSection
EndGlobal
